
Microsoft Visual Studio Solution File, Format Version 11.00
# Visual Studio 2010
Project("{FAE04EC0-301F-11D3-BF4B-00C04F79EFBC}") = "Assembly-CSharp", "Assembly-CSharp.csproj", "{2DCC9A25-C5B4-E08C-780B-CE81D6D5C908}"
EndProject
Project("{FAE04EC0-301F-11D3-BF4B-00C04F79EFBC}") = "Assembly-CSharp-Editor", "Assembly-CSharp-Editor.csproj", "{39389EDC-B04F-DAEA-DAB6-B43C3D4C2D31}"
EndProject
Global
	GlobalSection(SolutionConfigurationPlatforms) = preSolution
		Debug|Any CPU = Debug|Any CPU
		Release|Any CPU = Release|Any CPU
	EndGlobalSection
	GlobalSection(ProjectConfigurationPlatforms) = postSolution
		{2DCC9A25-C5B4-E08C-780B-CE81D6D5C908}.Debug|Any CPU.ActiveCfg = Debug|Any CPU
		{2DCC9A25-C5B4-E08C-780B-CE81D6D5C908}.Debug|Any CPU.Build.0 = Debug|Any CPU
		{2DCC9A25-C5B4-E08C-780B-CE81D6D5C908}.Release|Any CPU.ActiveCfg = Release|Any CPU
		{2DCC9A25-C5B4-E08C-780B-CE81D6D5C908}.Release|Any CPU.Build.0 = Release|Any CPU
		{39389EDC-B04F-DAEA-DAB6-B43C3D4C2D31}.Debug|Any CPU.ActiveCfg = Debug|Any CPU
		{39389EDC-B04F-DAEA-DAB6-B43C3D4C2D31}.Debug|Any CPU.Build.0 = Debug|Any CPU
		{39389EDC-B04F-DAEA-DAB6-B43C3D4C2D31}.Release|Any CPU.ActiveCfg = Release|Any CPU
		{39389EDC-B04F-DAEA-DAB6-B43C3D4C2D31}.Release|Any CPU.Build.0 = Release|Any CPU
	EndGlobalSection
	GlobalSection(SolutionProperties) = preSolution
		HideSolutionNode = FALSE
	EndGlobalSection
	GlobalSection(MonoDevelopProperties) = preSolution
		StartupItem = Assembly-CSharp.csproj
	EndGlobalSection
EndGlobal
