
Microsoft Visual Studio Solution File, Format Version 11.00
# Visual Studio 2010
Project("{FAE04EC0-301F-11D3-BF4B-00C04F79EFBC}") = "Assembly-CSharp", "Assembly-CSharp.csproj", "{D86B17DD-26E7-ED7A-11D8-1192C1AD7364}"
EndProject
Project("{FAE04EC0-301F-11D3-BF4B-00C04F79EFBC}") = "Assembly-CSharp-Editor", "Assembly-CSharp-Editor.csproj", "{0FEF840A-2ACF-BD41-1D49-1796494CF2EB}"
EndProject
Global
	GlobalSection(SolutionConfigurationPlatforms) = preSolution
		Debug|Any CPU = Debug|Any CPU
		Release|Any CPU = Release|Any CPU
	EndGlobalSection
	GlobalSection(ProjectConfigurationPlatforms) = postSolution
		{D86B17DD-26E7-ED7A-11D8-1192C1AD7364}.Debug|Any CPU.ActiveCfg = Debug|Any CPU
		{D86B17DD-26E7-ED7A-11D8-1192C1AD7364}.Debug|Any CPU.Build.0 = Debug|Any CPU
		{D86B17DD-26E7-ED7A-11D8-1192C1AD7364}.Release|Any CPU.ActiveCfg = Release|Any CPU
		{D86B17DD-26E7-ED7A-11D8-1192C1AD7364}.Release|Any CPU.Build.0 = Release|Any CPU
		{0FEF840A-2ACF-BD41-1D49-1796494CF2EB}.Debug|Any CPU.ActiveCfg = Debug|Any CPU
		{0FEF840A-2ACF-BD41-1D49-1796494CF2EB}.Debug|Any CPU.Build.0 = Debug|Any CPU
		{0FEF840A-2ACF-BD41-1D49-1796494CF2EB}.Release|Any CPU.ActiveCfg = Release|Any CPU
		{0FEF840A-2ACF-BD41-1D49-1796494CF2EB}.Release|Any CPU.Build.0 = Release|Any CPU
	EndGlobalSection
	GlobalSection(SolutionProperties) = preSolution
		HideSolutionNode = FALSE
	EndGlobalSection
	GlobalSection(MonoDevelopProperties) = preSolution
		StartupItem = Assembly-CSharp.csproj
	EndGlobalSection
EndGlobal
